// !$*UTF8*$!
{
	archiveVersion = 1;
	classes = {
	};
	objectVersion = 46;
	objects = {

/* Begin PBXBuildFile section */
		AD1335C71667260A00F8B25D /* ESSurveyDetailsViewController.m in Sources */ = {isa = PBXBuildFile; fileRef = AD1335C61667260A00F8B25D /* ESSurveyDetailsViewController.m */; };
		AD1335CA1667261E00F8B25D /* ESSurveyViewController.m in Sources */ = {isa = PBXBuildFile; fileRef = AD1335C91667261E00F8B25D /* ESSurveyViewController.m */; };
		AD3AE7FE166470180061950B /* ESAppDelegate.m in Sources */ = {isa = PBXBuildFile; fileRef = AD3AE7FA166470180061950B /* ESAppDelegate.m */; };
		AD3AE802166470830061950B /* ESSurveyListTableViewCell.m in Sources */ = {isa = PBXBuildFile; fileRef = AD3AE801166470830061950B /* ESSurveyListTableViewCell.m */; };
		AD3AE8051664721E0061950B /* ESSurveyListViewController.m in Sources */ = {isa = PBXBuildFile; fileRef = AD3AE8041664721E0061950B /* ESSurveyListViewController.m */; };
		AD3AE80B16647C350061950B /* DBS_Survey.plist in Resources */ = {isa = PBXBuildFile; fileRef = AD3AE80A16647C350061950B /* DBS_Survey.plist */; };
		AD3AE80D16647C5B0061950B /* Surveys_Master_List.plist in Resources */ = {isa = PBXBuildFile; fileRef = AD3AE80C16647C5B0061950B /* Surveys_Master_List.plist */; };
		AD3AE80F1664B6DC0061950B /* green_button.png in Resources */ = {isa = PBXBuildFile; fileRef = AD3AE80E1664B6DC0061950B /* green_button.png */; };
		AD3AE8131664B7CF0061950B /* rounded_table_cell_bottom@2x.png in Resources */ = {isa = PBXBuildFile; fileRef = AD3AE8101664B7CE0061950B /* rounded_table_cell_bottom@2x.png */; };
		AD3AE8141664B7CF0061950B /* rounded_table_cell_top@2x.png in Resources */ = {isa = PBXBuildFile; fileRef = AD3AE8111664B7CE0061950B /* rounded_table_cell_top@2x.png */; };
		AD3AE8151664B7CF0061950B /* rounded_table_cell.png in Resources */ = {isa = PBXBuildFile; fileRef = AD3AE8121664B7CE0061950B /* rounded_table_cell.png */; };
		AD547D24165F204400AA6E2C /* UIKit.framework in Frameworks */ = {isa = PBXBuildFile; fileRef = AD547D23165F204400AA6E2C /* UIKit.framework */; };
		AD547D26165F204400AA6E2C /* Foundation.framework in Frameworks */ = {isa = PBXBuildFile; fileRef = AD547D25165F204400AA6E2C /* Foundation.framework */; };
		AD547D28165F204400AA6E2C /* CoreGraphics.framework in Frameworks */ = {isa = PBXBuildFile; fileRef = AD547D27165F204400AA6E2C /* CoreGraphics.framework */; };
		AD547D2E165F204400AA6E2C /* InfoPlist.strings in Resources */ = {isa = PBXBuildFile; fileRef = AD547D2C165F204400AA6E2C /* InfoPlist.strings */; };
		AD547D30165F204400AA6E2C /* main.m in Sources */ = {isa = PBXBuildFile; fileRef = AD547D2F165F204400AA6E2C /* main.m */; };
		AD547D36165F204500AA6E2C /* Default.png in Resources */ = {isa = PBXBuildFile; fileRef = AD547D35165F204500AA6E2C /* Default.png */; };
		AD547D38165F204500AA6E2C /* Default@2x.png in Resources */ = {isa = PBXBuildFile; fileRef = AD547D37165F204500AA6E2C /* Default@2x.png */; };
		AD547D3A165F204500AA6E2C /* Default-568h@2x.png in Resources */ = {isa = PBXBuildFile; fileRef = AD547D39165F204500AA6E2C /* Default-568h@2x.png */; };
		AD547D3D165F204500AA6E2C /* MainStoryboard.storyboard in Resources */ = {isa = PBXBuildFile; fileRef = AD547D3B165F204500AA6E2C /* MainStoryboard.storyboard */; };
		ADC52DAF166F04AF00CC5B49 /* ESQuestionViewController.m in Sources */ = {isa = PBXBuildFile; fileRef = ADC52DAE166F04AF00CC5B49 /* ESQuestionViewController.m */; };
		ADC52DB2166F09D200CC5B49 /* ESCustomButtonBehavior.m in Sources */ = {isa = PBXBuildFile; fileRef = ADC52DB1166F09D200CC5B49 /* ESCustomButtonBehavior.m */; };
		ADC83078166C9BD40018829B /* ESQuestionFactory.m in Sources */ = {isa = PBXBuildFile; fileRef = ADC83077166C9BD40018829B /* ESQuestionFactory.m */; };
		ADCCBD2C1670751B00538000 /* ESUtilities.m in Sources */ = {isa = PBXBuildFile; fileRef = ADCCBD2B1670751B00538000 /* ESUtilities.m */; };
		ADCCBD2F1670782E00538000 /* Citi_Survey.plist in Resources */ = {isa = PBXBuildFile; fileRef = ADCCBD2E1670782D00538000 /* Citi_Survey.plist */; };
		ADCCBD331670789D00538000 /* Citi.png in Resources */ = {isa = PBXBuildFile; fileRef = ADCCBD311670789D00538000 /* Citi.png */; };
		ADCCBD341670789D00538000 /* DBS.png in Resources */ = {isa = PBXBuildFile; fileRef = ADCCBD321670789D00538000 /* DBS.png */; };
		ADDC6385166DD5EA000EAB8A /* ESCheckBoxBehavior.m in Sources */ = {isa = PBXBuildFile; fileRef = ADDC6384166DD5EA000EAB8A /* ESCheckBoxBehavior.m */; };
		ADDC6388166DD5FF000EAB8A /* ESRadioButtonBehavior.m in Sources */ = {isa = PBXBuildFile; fileRef = ADDC6387166DD5FF000EAB8A /* ESRadioButtonBehavior.m */; };
		ADDC638D166DE37C000EAB8A /* Check Box On.png in Resources */ = {isa = PBXBuildFile; fileRef = ADDC638A166DE37C000EAB8A /* Check Box On.png */; };
		ADDC638E166DE37C000EAB8A /* Radio Off.png in Resources */ = {isa = PBXBuildFile; fileRef = ADDC638B166DE37C000EAB8A /* Radio Off.png */; };
		ADDC638F166DE37C000EAB8A /* Radio On.png in Resources */ = {isa = PBXBuildFile; fileRef = ADDC638C166DE37C000EAB8A /* Radio On.png */; };
		ADDC6392166DF1C0000EAB8A /* ESCustomButtonsView.m in Sources */ = {isa = PBXBuildFile; fileRef = ADDC6391166DF1C0000EAB8A /* ESCustomButtonsView.m */; };
		ADDD08441668730E00E4786E /* ESSurvey.m in Sources */ = {isa = PBXBuildFile; fileRef = ADDD08431668730E00E4786E /* ESSurvey.m */; };
/* End PBXBuildFile section */

/* Begin PBXFileReference section */
		AD1335C51667260A00F8B25D /* ESSurveyDetailsViewController.h */ = {isa = PBXFileReference; fileEncoding = 4; lastKnownFileType = sourcecode.c.h; path = ESSurveyDetailsViewController.h; sourceTree = "<group>"; };
		AD1335C61667260A00F8B25D /* ESSurveyDetailsViewController.m */ = {isa = PBXFileReference; fileEncoding = 4; lastKnownFileType = sourcecode.c.objc; path = ESSurveyDetailsViewController.m; sourceTree = "<group>"; };
		AD1335C81667261E00F8B25D /* ESSurveyViewController.h */ = {isa = PBXFileReference; fileEncoding = 4; lastKnownFileType = sourcecode.c.h; path = ESSurveyViewController.h; sourceTree = "<group>"; };
		AD1335C91667261E00F8B25D /* ESSurveyViewController.m */ = {isa = PBXFileReference; fileEncoding = 4; lastKnownFileType = sourcecode.c.objc; path = ESSurveyViewController.m; sourceTree = "<group>"; };
		AD3AE7F9166470180061950B /* ESAppDelegate.h */ = {isa = PBXFileReference; fileEncoding = 4; lastKnownFileType = sourcecode.c.h; path = ESAppDelegate.h; sourceTree = "<group>"; };
		AD3AE7FA166470180061950B /* ESAppDelegate.m */ = {isa = PBXFileReference; fileEncoding = 4; lastKnownFileType = sourcecode.c.objc; path = ESAppDelegate.m; sourceTree = "<group>"; };
		AD3AE800166470830061950B /* ESSurveyListTableViewCell.h */ = {isa = PBXFileReference; fileEncoding = 4; lastKnownFileType = sourcecode.c.h; path = ESSurveyListTableViewCell.h; sourceTree = "<group>"; };
		AD3AE801166470830061950B /* ESSurveyListTableViewCell.m */ = {isa = PBXFileReference; fileEncoding = 4; lastKnownFileType = sourcecode.c.objc; path = ESSurveyListTableViewCell.m; sourceTree = "<group>"; };
		AD3AE8031664721E0061950B /* ESSurveyListViewController.h */ = {isa = PBXFileReference; fileEncoding = 4; lastKnownFileType = sourcecode.c.h; path = ESSurveyListViewController.h; sourceTree = "<group>"; };
		AD3AE8041664721E0061950B /* ESSurveyListViewController.m */ = {isa = PBXFileReference; fileEncoding = 4; lastKnownFileType = sourcecode.c.objc; path = ESSurveyListViewController.m; sourceTree = "<group>"; };
		AD3AE80A16647C350061950B /* DBS_Survey.plist */ = {isa = PBXFileReference; fileEncoding = 4; lastKnownFileType = text.plist.xml; path = DBS_Survey.plist; sourceTree = "<group>"; };
		AD3AE80C16647C5B0061950B /* Surveys_Master_List.plist */ = {isa = PBXFileReference; fileEncoding = 4; lastKnownFileType = text.plist.xml; path = Surveys_Master_List.plist; sourceTree = "<group>"; };
		AD3AE80E1664B6DC0061950B /* green_button.png */ = {isa = PBXFileReference; lastKnownFileType = image.png; path = green_button.png; sourceTree = "<group>"; };
		AD3AE8101664B7CE0061950B /* rounded_table_cell_bottom@2x.png */ = {isa = PBXFileReference; lastKnownFileType = image.png; path = "rounded_table_cell_bottom@2x.png"; sourceTree = "<group>"; };
		AD3AE8111664B7CE0061950B /* rounded_table_cell_top@2x.png */ = {isa = PBXFileReference; lastKnownFileType = image.png; path = "rounded_table_cell_top@2x.png"; sourceTree = "<group>"; };
		AD3AE8121664B7CE0061950B /* rounded_table_cell.png */ = {isa = PBXFileReference; lastKnownFileType = image.png; path = rounded_table_cell.png; sourceTree = "<group>"; };
		AD547D1F165F204400AA6E2C /* Exilant Survey.app */ = {isa = PBXFileReference; explicitFileType = wrapper.application; includeInIndex = 0; path = "Exilant Survey.app"; sourceTree = BUILT_PRODUCTS_DIR; };
		AD547D23165F204400AA6E2C /* UIKit.framework */ = {isa = PBXFileReference; lastKnownFileType = wrapper.framework; name = UIKit.framework; path = System/Library/Frameworks/UIKit.framework; sourceTree = SDKROOT; };
		AD547D25165F204400AA6E2C /* Foundation.framework */ = {isa = PBXFileReference; lastKnownFileType = wrapper.framework; name = Foundation.framework; path = System/Library/Frameworks/Foundation.framework; sourceTree = SDKROOT; };
		AD547D27165F204400AA6E2C /* CoreGraphics.framework */ = {isa = PBXFileReference; lastKnownFileType = wrapper.framework; name = CoreGraphics.framework; path = System/Library/Frameworks/CoreGraphics.framework; sourceTree = SDKROOT; };
		AD547D2B165F204400AA6E2C /* Exilant Survey-Info.plist */ = {isa = PBXFileReference; lastKnownFileType = text.plist.xml; path = "Exilant Survey-Info.plist"; sourceTree = "<group>"; };
		AD547D2D165F204400AA6E2C /* en */ = {isa = PBXFileReference; lastKnownFileType = text.plist.strings; name = en; path = en.lproj/InfoPlist.strings; sourceTree = "<group>"; };
		AD547D2F165F204400AA6E2C /* main.m */ = {isa = PBXFileReference; lastKnownFileType = sourcecode.c.objc; path = main.m; sourceTree = "<group>"; };
		AD547D31165F204400AA6E2C /* Exilant Survey-Prefix.pch */ = {isa = PBXFileReference; lastKnownFileType = sourcecode.c.h; path = "Exilant Survey-Prefix.pch"; sourceTree = "<group>"; };
		AD547D35165F204500AA6E2C /* Default.png */ = {isa = PBXFileReference; lastKnownFileType = image.png; path = Default.png; sourceTree = "<group>"; };
		AD547D37165F204500AA6E2C /* Default@2x.png */ = {isa = PBXFileReference; lastKnownFileType = image.png; path = "Default@2x.png"; sourceTree = "<group>"; };
		AD547D39165F204500AA6E2C /* Default-568h@2x.png */ = {isa = PBXFileReference; lastKnownFileType = image.png; path = "Default-568h@2x.png"; sourceTree = "<group>"; };
		AD547D3C165F204500AA6E2C /* en */ = {isa = PBXFileReference; lastKnownFileType = file.storyboard; name = en; path = en.lproj/MainStoryboard.storyboard; sourceTree = "<group>"; };
		ADC52DAD166F04AF00CC5B49 /* ESQuestionViewController.h */ = {isa = PBXFileReference; fileEncoding = 4; lastKnownFileType = sourcecode.c.h; path = ESQuestionViewController.h; sourceTree = "<group>"; };
		ADC52DAE166F04AF00CC5B49 /* ESQuestionViewController.m */ = {isa = PBXFileReference; fileEncoding = 4; lastKnownFileType = sourcecode.c.objc; path = ESQuestionViewController.m; sourceTree = "<group>"; };
		ADC52DB1166F09D200CC5B49 /* ESCustomButtonBehavior.m */ = {isa = PBXFileReference; fileEncoding = 4; lastKnownFileType = sourcecode.c.objc; path = ESCustomButtonBehavior.m; sourceTree = "<group>"; };
		ADC83076166C9BD40018829B /* ESQuestionFactory.h */ = {isa = PBXFileReference; fileEncoding = 4; lastKnownFileType = sourcecode.c.h; path = ESQuestionFactory.h; sourceTree = "<group>"; };
		ADC83077166C9BD40018829B /* ESQuestionFactory.m */ = {isa = PBXFileReference; fileEncoding = 4; lastKnownFileType = sourcecode.c.objc; path = ESQuestionFactory.m; sourceTree = "<group>"; };
		ADCCBD2A1670751B00538000 /* ESUtilities.h */ = {isa = PBXFileReference; fileEncoding = 4; lastKnownFileType = sourcecode.c.h; path = ESUtilities.h; sourceTree = "<group>"; };
		ADCCBD2B1670751B00538000 /* ESUtilities.m */ = {isa = PBXFileReference; fileEncoding = 4; lastKnownFileType = sourcecode.c.objc; path = ESUtilities.m; sourceTree = "<group>"; };
		ADCCBD2E1670782D00538000 /* Citi_Survey.plist */ = {isa = PBXFileReference; fileEncoding = 4; lastKnownFileType = text.plist.xml; path = Citi_Survey.plist; sourceTree = "<group>"; };
		ADCCBD311670789D00538000 /* Citi.png */ = {isa = PBXFileReference; lastKnownFileType = image.png; path = Citi.png; sourceTree = "<group>"; };
		ADCCBD321670789D00538000 /* DBS.png */ = {isa = PBXFileReference; lastKnownFileType = image.png; path = DBS.png; sourceTree = "<group>"; };
		ADDC6383166DD5EA000EAB8A /* ESCheckBoxBehavior.h */ = {isa = PBXFileReference; fileEncoding = 4; lastKnownFileType = sourcecode.c.h; path = ESCheckBoxBehavior.h; sourceTree = "<group>"; };
		ADDC6384166DD5EA000EAB8A /* ESCheckBoxBehavior.m */ = {isa = PBXFileReference; fileEncoding = 4; lastKnownFileType = sourcecode.c.objc; path = ESCheckBoxBehavior.m; sourceTree = "<group>"; };
		ADDC6386166DD5FF000EAB8A /* ESRadioButtonBehavior.h */ = {isa = PBXFileReference; fileEncoding = 4; lastKnownFileType = sourcecode.c.h; path = ESRadioButtonBehavior.h; sourceTree = "<group>"; };
		ADDC6387166DD5FF000EAB8A /* ESRadioButtonBehavior.m */ = {isa = PBXFileReference; fileEncoding = 4; lastKnownFileType = sourcecode.c.objc; path = ESRadioButtonBehavior.m; sourceTree = "<group>"; };
		ADDC638A166DE37C000EAB8A /* Check Box On.png */ = {isa = PBXFileReference; lastKnownFileType = image.png; path = "Check Box On.png"; sourceTree = "<group>"; };
		ADDC638B166DE37C000EAB8A /* Radio Off.png */ = {isa = PBXFileReference; lastKnownFileType = image.png; path = "Radio Off.png"; sourceTree = "<group>"; };
		ADDC638C166DE37C000EAB8A /* Radio On.png */ = {isa = PBXFileReference; lastKnownFileType = image.png; path = "Radio On.png"; sourceTree = "<group>"; };
		ADDC6390166DF1C0000EAB8A /* ESCustomButtonsView.h */ = {isa = PBXFileReference; fileEncoding = 4; lastKnownFileType = sourcecode.c.h; path = ESCustomButtonsView.h; sourceTree = "<group>"; };
		ADDC6391166DF1C0000EAB8A /* ESCustomButtonsView.m */ = {isa = PBXFileReference; fileEncoding = 4; lastKnownFileType = sourcecode.c.objc; path = ESCustomButtonsView.m; sourceTree = "<group>"; };
		ADDC6393166DF296000EAB8A /* ESCustomButtonBehavior.h */ = {isa = PBXFileReference; fileEncoding = 4; lastKnownFileType = sourcecode.c.h; path = ESCustomButtonBehavior.h; sourceTree = "<group>"; };
		ADDD08421668730E00E4786E /* ESSurvey.h */ = {isa = PBXFileReference; fileEncoding = 4; lastKnownFileType = sourcecode.c.h; path = ESSurvey.h; sourceTree = "<group>"; };
		ADDD08431668730E00E4786E /* ESSurvey.m */ = {isa = PBXFileReference; fileEncoding = 4; lastKnownFileType = sourcecode.c.objc; path = ESSurvey.m; sourceTree = "<group>"; };
/* End PBXFileReference section */

/* Begin PBXFrameworksBuildPhase section */
		AD547D1C165F204400AA6E2C /* Frameworks */ = {
			isa = PBXFrameworksBuildPhase;
			buildActionMask = 2147483647;
			files = (
				AD547D24165F204400AA6E2C /* UIKit.framework in Frameworks */,
				AD547D26165F204400AA6E2C /* Foundation.framework in Frameworks */,
				AD547D28165F204400AA6E2C /* CoreGraphics.framework in Frameworks */,
			);
			runOnlyForDeploymentPostprocessing = 0;
		};
/* End PBXFrameworksBuildPhase section */

/* Begin PBXGroup section */
		AD1335C1166725A400F8B25D /* SurveyDetailsViewController */ = {
			isa = PBXGroup;
			children = (
				AD1335C51667260A00F8B25D /* ESSurveyDetailsViewController.h */,
				AD1335C61667260A00F8B25D /* ESSurveyDetailsViewController.m */,
			);
			path = SurveyDetailsViewController;
			sourceTree = "<group>";
		};
		AD1335C2166725A400F8B25D /* SurveyViewController */ = {
			isa = PBXGroup;
			children = (
				AD1335C81667261E00F8B25D /* ESSurveyViewController.h */,
				AD1335C91667261E00F8B25D /* ESSurveyViewController.m */,
				AD1335C3166725A400F8B25D /* QuestionViewController */,
			);
			path = SurveyViewController;
			sourceTree = "<group>";
		};
		AD1335C3166725A400F8B25D /* QuestionViewController */ = {
			isa = PBXGroup;
			children = (
				ADC52DAD166F04AF00CC5B49 /* ESQuestionViewController.h */,
				ADC52DAE166F04AF00CC5B49 /* ESQuestionViewController.m */,
			);
			path = QuestionViewController;
			sourceTree = "<group>";
		};
		AD3AE7F8166470180061950B /* Source */ = {
			isa = PBXGroup;
			children = (
				AD3AE7F9166470180061950B /* ESAppDelegate.h */,
				AD3AE7FA166470180061950B /* ESAppDelegate.m */,
				ADCCBD2A1670751B00538000 /* ESUtilities.h */,
				ADCCBD2B1670751B00538000 /* ESUtilities.m */,
				AD3AE7FB166470180061950B /* MainViewController */,
				AD1335C1166725A400F8B25D /* SurveyDetailsViewController */,
				AD1335C2166725A400F8B25D /* SurveyViewController */,
				ADDD0840166872D900E4786E /* Model */,
				ADC83074166C9BB20018829B /* Question Factory */,
				ADDC637F166DD585000EAB8A /* Custom Controls */,
			);
			path = Source;
			sourceTree = "<group>";
		};
		AD3AE7FB166470180061950B /* MainViewController */ = {
			isa = PBXGroup;
			children = (
				AD3AE8031664721E0061950B /* ESSurveyListViewController.h */,
				AD3AE8041664721E0061950B /* ESSurveyListViewController.m */,
				AD3AE800166470830061950B /* ESSurveyListTableViewCell.h */,
				AD3AE801166470830061950B /* ESSurveyListTableViewCell.m */,
			);
			path = MainViewController;
			sourceTree = "<group>";
		};
		AD3AE80616647C350061950B /* Resources */ = {
			isa = PBXGroup;
			children = (
				AD3AE80716647C350061950B /* Images */,
				AD3AE80816647C350061950B /* Plist Files */,
			);
			path = Resources;
			sourceTree = "<group>";
		};
		AD3AE80716647C350061950B /* Images */ = {
			isa = PBXGroup;
			children = (
				AD3AE80E1664B6DC0061950B /* green_button.png */,
				AD3AE8101664B7CE0061950B /* rounded_table_cell_bottom@2x.png */,
				AD3AE8111664B7CE0061950B /* rounded_table_cell_top@2x.png */,
				AD3AE8121664B7CE0061950B /* rounded_table_cell.png */,
				ADCCBD301670789D00538000 /* Bank Logos */,
				ADDC6389166DE37C000EAB8A /* Custom Controls */,
			);
			path = Images;
			sourceTree = "<group>";
		};
		AD3AE80816647C350061950B /* Plist Files */ = {
			isa = PBXGroup;
			children = (
				AD3AE80916647C350061950B /* Survey Details */,
			);
			path = "Plist Files";
			sourceTree = "<group>";
		};
		AD3AE80916647C350061950B /* Survey Details */ = {
			isa = PBXGroup;
			children = (
				AD3AE80C16647C5B0061950B /* Surveys_Master_List.plist */,
				AD3AE80A16647C350061950B /* DBS_Survey.plist */,
				ADCCBD2E1670782D00538000 /* Citi_Survey.plist */,
			);
			path = "Survey Details";
			sourceTree = "<group>";
		};
		AD547D14165F204400AA6E2C = {
			isa = PBXGroup;
			children = (
				AD547D29165F204400AA6E2C /* Exilant Survey */,
				AD547D22165F204400AA6E2C /* Frameworks */,
				AD547D20165F204400AA6E2C /* Products */,
			);
			sourceTree = "<group>";
		};
		AD547D20165F204400AA6E2C /* Products */ = {
			isa = PBXGroup;
			children = (
				AD547D1F165F204400AA6E2C /* Exilant Survey.app */,
			);
			name = Products;
			sourceTree = "<group>";
		};
		AD547D22165F204400AA6E2C /* Frameworks */ = {
			isa = PBXGroup;
			children = (
				AD547D23165F204400AA6E2C /* UIKit.framework */,
				AD547D25165F204400AA6E2C /* Foundation.framework */,
				AD547D27165F204400AA6E2C /* CoreGraphics.framework */,
			);
			name = Frameworks;
			sourceTree = "<group>";
		};
		AD547D29165F204400AA6E2C /* Exilant Survey */ = {
			isa = PBXGroup;
			children = (
				AD3AE7F8166470180061950B /* Source */,
				AD547D2A165F204400AA6E2C /* Supporting Files */,
				AD3AE80616647C350061950B /* Resources */,
				AD547D3B165F204500AA6E2C /* MainStoryboard.storyboard */,
			);
			path = "Exilant Survey";
			sourceTree = "<group>";
		};
		AD547D2A165F204400AA6E2C /* Supporting Files */ = {
			isa = PBXGroup;
			children = (
				AD547D2B165F204400AA6E2C /* Exilant Survey-Info.plist */,
				AD547D2C165F204400AA6E2C /* InfoPlist.strings */,
				AD547D2F165F204400AA6E2C /* main.m */,
				AD547D31165F204400AA6E2C /* Exilant Survey-Prefix.pch */,
				AD547D35165F204500AA6E2C /* Default.png */,
				AD547D37165F204500AA6E2C /* Default@2x.png */,
				AD547D39165F204500AA6E2C /* Default-568h@2x.png */,
			);
			name = "Supporting Files";
			sourceTree = "<group>";
		};
		ADC83074166C9BB20018829B /* Question Factory */ = {
			isa = PBXGroup;
			children = (
				ADC83076166C9BD40018829B /* ESQuestionFactory.h */,
				ADC83077166C9BD40018829B /* ESQuestionFactory.m */,
			);
			path = "Question Factory";
			sourceTree = "<group>";
		};
		ADCCBD301670789D00538000 /* Bank Logos */ = {
			isa = PBXGroup;
			children = (
				ADCCBD311670789D00538000 /* Citi.png */,
				ADCCBD321670789D00538000 /* DBS.png */,
			);
			path = "Bank Logos";
			sourceTree = "<group>";
		};
		ADDC637F166DD585000EAB8A /* Custom Controls */ = {
			isa = PBXGroup;
			children = (
				ADDC6390166DF1C0000EAB8A /* ESCustomButtonsView.h */,
				ADDC6391166DF1C0000EAB8A /* ESCustomButtonsView.m */,
				ADDC6393166DF296000EAB8A /* ESCustomButtonBehavior.h */,
				ADC52DB1166F09D200CC5B49 /* ESCustomButtonBehavior.m */,
				ADDC6380166DD585000EAB8A /* Check Box */,
				ADDC6381166DD585000EAB8A /* Radio Button */,
			);
			path = "Custom Controls";
			sourceTree = "<group>";
		};
		ADDC6380166DD585000EAB8A /* Check Box */ = {
			isa = PBXGroup;
			children = (
				ADDC6383166DD5EA000EAB8A /* ESCheckBoxBehavior.h */,
				ADDC6384166DD5EA000EAB8A /* ESCheckBoxBehavior.m */,
			);
			path = "Check Box";
			sourceTree = "<group>";
		};
		ADDC6381166DD585000EAB8A /* Radio Button */ = {
			isa = PBXGroup;
			children = (
				ADDC6386166DD5FF000EAB8A /* ESRadioButtonBehavior.h */,
				ADDC6387166DD5FF000EAB8A /* ESRadioButtonBehavior.m */,
			);
			path = "Radio Button";
			sourceTree = "<group>";
		};
		ADDC6389166DE37C000EAB8A /* Custom Controls */ = {
			isa = PBXGroup;
			children = (
				ADDC638A166DE37C000EAB8A /* Check Box On.png */,
				ADDC638B166DE37C000EAB8A /* Radio Off.png */,
				ADDC638C166DE37C000EAB8A /* Radio On.png */,
			);
			path = "Custom Controls";
			sourceTree = "<group>";
		};
		ADDD0840166872D900E4786E /* Model */ = {
			isa = PBXGroup;
			children = (
				ADDD08421668730E00E4786E /* ESSurvey.h */,
				ADDD08431668730E00E4786E /* ESSurvey.m */,
			);
			path = Model;
			sourceTree = "<group>";
		};
/* End PBXGroup section */

/* Begin PBXNativeTarget section */
		AD547D1E165F204400AA6E2C /* Exilant Survey */ = {
			isa = PBXNativeTarget;
			buildConfigurationList = AD547D43165F204500AA6E2C /* Build configuration list for PBXNativeTarget "Exilant Survey" */;
			buildPhases = (
				AD547D1B165F204400AA6E2C /* Sources */,
				AD547D1C165F204400AA6E2C /* Frameworks */,
				AD547D1D165F204400AA6E2C /* Resources */,
			);
			buildRules = (
			);
			dependencies = (
			);
			name = "Exilant Survey";
			productName = "Exilant Survey";
			productReference = AD547D1F165F204400AA6E2C /* Exilant Survey.app */;
			productType = "com.apple.product-type.application";
		};
/* End PBXNativeTarget section */

/* Begin PBXProject section */
		AD547D16165F204400AA6E2C /* Project object */ = {
			isa = PBXProject;
			attributes = {
				CLASSPREFIX = ES;
				LastUpgradeCheck = 0450;
				ORGANIZATIONNAME = "Exilant Technologies Pvt Ltd";
			};
			buildConfigurationList = AD547D19165F204400AA6E2C /* Build configuration list for PBXProject "Exilant Survey" */;
			compatibilityVersion = "Xcode 3.2";
			developmentRegion = English;
			hasScannedForEncodings = 0;
			knownRegions = (
				en,
			);
			mainGroup = AD547D14165F204400AA6E2C;
			productRefGroup = AD547D20165F204400AA6E2C /* Products */;
			projectDirPath = "";
			projectRoot = "";
			targets = (
				AD547D1E165F204400AA6E2C /* Exilant Survey */,
			);
		};
/* End PBXProject section */

/* Begin PBXResourcesBuildPhase section */
		AD547D1D165F204400AA6E2C /* Resources */ = {
			isa = PBXResourcesBuildPhase;
			buildActionMask = 2147483647;
			files = (
				AD547D2E165F204400AA6E2C /* InfoPlist.strings in Resources */,
				AD547D36165F204500AA6E2C /* Default.png in Resources */,
				AD547D38165F204500AA6E2C /* Default@2x.png in Resources */,
				AD547D3A165F204500AA6E2C /* Default-568h@2x.png in Resources */,
				AD547D3D165F204500AA6E2C /* MainStoryboard.storyboard in Resources */,
				AD3AE80B16647C350061950B /* DBS_Survey.plist in Resources */,
				AD3AE80D16647C5B0061950B /* Surveys_Master_List.plist in Resources */,
				AD3AE80F1664B6DC0061950B /* green_button.png in Resources */,
				AD3AE8131664B7CF0061950B /* rounded_table_cell_bottom@2x.png in Resources */,
				AD3AE8141664B7CF0061950B /* rounded_table_cell_top@2x.png in Resources */,
				AD3AE8151664B7CF0061950B /* rounded_table_cell.png in Resources */,
				ADDC638D166DE37C000EAB8A /* Check Box On.png in Resources */,
				ADDC638E166DE37C000EAB8A /* Radio Off.png in Resources */,
				ADDC638F166DE37C000EAB8A /* Radio On.png in Resources */,
				ADCCBD2F1670782E00538000 /* Citi_Survey.plist in Resources */,
				ADCCBD331670789D00538000 /* Citi.png in Resources */,
				ADCCBD341670789D00538000 /* DBS.png in Resources */,
			);
			runOnlyForDeploymentPostprocessing = 0;
		};
/* End PBXResourcesBuildPhase section */

/* Begin PBXSourcesBuildPhase section */
		AD547D1B165F204400AA6E2C /* Sources */ = {
			isa = PBXSourcesBuildPhase;
			buildActionMask = 2147483647;
			files = (
				AD547D30165F204400AA6E2C /* main.m in Sources */,
				AD3AE7FE166470180061950B /* ESAppDelegate.m in Sources */,
				AD3AE802166470830061950B /* ESSurveyListTableViewCell.m in Sources */,
				AD3AE8051664721E0061950B /* ESSurveyListViewController.m in Sources */,
				AD1335C71667260A00F8B25D /* ESSurveyDetailsViewController.m in Sources */,
				AD1335CA1667261E00F8B25D /* ESSurveyViewController.m in Sources */,
				ADDD08441668730E00E4786E /* ESSurvey.m in Sources */,
				ADC83078166C9BD40018829B /* ESQuestionFactory.m in Sources */,
				ADDC6385166DD5EA000EAB8A /* ESCheckBoxBehavior.m in Sources */,
				ADDC6388166DD5FF000EAB8A /* ESRadioButtonBehavior.m in Sources */,
				ADDC6392166DF1C0000EAB8A /* ESCustomButtonsView.m in Sources */,
				ADC52DAF166F04AF00CC5B49 /* ESQuestionViewController.m in Sources */,
				ADC52DB2166F09D200CC5B49 /* ESCustomButtonBehavior.m in Sources */,
				ADCCBD2C1670751B00538000 /* ESUtilities.m in Sources */,
			);
			runOnlyForDeploymentPostprocessing = 0;
		};
/* End PBXSourcesBuildPhase section */

/* Begin PBXVariantGroup section */
		AD547D2C165F204400AA6E2C /* InfoPlist.strings */ = {
			isa = PBXVariantGroup;
			children = (
				AD547D2D165F204400AA6E2C /* en */,
			);
			name = InfoPlist.strings;
			sourceTree = "<group>";
		};
		AD547D3B165F204500AA6E2C /* MainStoryboard.storyboard */ = {
			isa = PBXVariantGroup;
			children = (
				AD547D3C165F204500AA6E2C /* en */,
			);
			name = MainStoryboard.storyboard;
			sourceTree = "<group>";
		};
/* End PBXVariantGroup section */

/* Begin XCBuildConfiguration section */
		AD547D41165F204500AA6E2C /* Debug */ = {
			isa = XCBuildConfiguration;
			buildSettings = {
				ALWAYS_SEARCH_USER_PATHS = NO;
				CLANG_CXX_LANGUAGE_STANDARD = "gnu++0x";
				CLANG_CXX_LIBRARY = "libc++";
				CLANG_WARN_EMPTY_BODY = YES;
				CLANG_WARN__DUPLICATE_METHOD_MATCH = YES;
				"CODE_SIGN_IDENTITY[sdk=iphoneos*]" = "iPhone Developer";
				COPY_PHASE_STRIP = NO;
				GCC_C_LANGUAGE_STANDARD = gnu99;
				GCC_DYNAMIC_NO_PIC = NO;
				GCC_OPTIMIZATION_LEVEL = 0;
				GCC_PREPROCESSOR_DEFINITIONS = (
					"DEBUG=1",
					"$(inherited)",
				);
				GCC_SYMBOLS_PRIVATE_EXTERN = NO;
				GCC_WARN_ABOUT_RETURN_TYPE = YES;
				GCC_WARN_UNINITIALIZED_AUTOS = YES;
				GCC_WARN_UNUSED_VARIABLE = YES;
				IPHONEOS_DEPLOYMENT_TARGET = 6.0;
				ONLY_ACTIVE_ARCH = YES;
				SDKROOT = iphoneos;
				TARGETED_DEVICE_FAMILY = 2;
			};
			name = Debug;
		};
		AD547D42165F204500AA6E2C /* Release */ = {
			isa = XCBuildConfiguration;
			buildSettings = {
				ALWAYS_SEARCH_USER_PATHS = NO;
				CLANG_CXX_LANGUAGE_STANDARD = "gnu++0x";
				CLANG_CXX_LIBRARY = "libc++";
				CLANG_WARN_EMPTY_BODY = YES;
				CLANG_WARN__DUPLICATE_METHOD_MATCH = YES;
				"CODE_SIGN_IDENTITY[sdk=iphoneos*]" = "iPhone Developer";
				COPY_PHASE_STRIP = YES;
				GCC_C_LANGUAGE_STANDARD = gnu99;
				GCC_WARN_ABOUT_RETURN_TYPE = YES;
				GCC_WARN_UNINITIALIZED_AUTOS = YES;
				GCC_WARN_UNUSED_VARIABLE = YES;
				IPHONEOS_DEPLOYMENT_TARGET = 6.0;
				OTHER_CFLAGS = "-DNS_BLOCK_ASSERTIONS=1";
				SDKROOT = iphoneos;
				TARGETED_DEVICE_FAMILY = 2;
				VALIDATE_PRODUCT = YES;
			};
			name = Release;
		};
		AD547D44165F204500AA6E2C /* Debug */ = {
			isa = XCBuildConfiguration;
			buildSettings = {
				GCC_PRECOMPILE_PREFIX_HEADER = YES;
				GCC_PREFIX_HEADER = "Exilant Survey/Exilant Survey-Prefix.pch";
				INFOPLIST_FILE = "Exilant Survey/Exilant Survey-Info.plist";
				PRODUCT_NAME = "$(TARGET_NAME)";
				WRAPPER_EXTENSION = app;
			};
			name = Debug;
		};
		AD547D45165F204500AA6E2C /* Release */ = {
			isa = XCBuildConfiguration;
			buildSettings = {
				GCC_PRECOMPILE_PREFIX_HEADER = YES;
				GCC_PREFIX_HEADER = "Exilant Survey/Exilant Survey-Prefix.pch";
				INFOPLIST_FILE = "Exilant Survey/Exilant Survey-Info.plist";
				PRODUCT_NAME = "$(TARGET_NAME)";
				WRAPPER_EXTENSION = app;
			};
			name = Release;
		};
/* End XCBuildConfiguration section */

/* Begin XCConfigurationList section */
		AD547D19165F204400AA6E2C /* Build configuration list for PBXProject "Exilant Survey" */ = {
			isa = XCConfigurationList;
			buildConfigurations = (
				AD547D41165F204500AA6E2C /* Debug */,
				AD547D42165F204500AA6E2C /* Release */,
			);
			defaultConfigurationIsVisible = 0;
			defaultConfigurationName = Release;
		};
		AD547D43165F204500AA6E2C /* Build configuration list for PBXNativeTarget "Exilant Survey" */ = {
			isa = XCConfigurationList;
			buildConfigurations = (
				AD547D44165F204500AA6E2C /* Debug */,
				AD547D45165F204500AA6E2C /* Release */,
			);
			defaultConfigurationIsVisible = 0;
			defaultConfigurationName = Release;
		};
/* End XCConfigurationList section */
	};
	rootObject = AD547D16165F204400AA6E2C /* Project object */;
}
